
Microsoft Visual Studio Solution File, Format Version 12.00
# Visual Studio Version 17
VisualStudioVersion = 17.10.35027.167
MinimumVisualStudioVersion = 10.0.40219.1
Project("{FAE04EC0-301F-11D3-BF4B-00C04F79EFBC}") = "ToDoApp", "ToDoApp.csproj", "{B94972A3-57D8-44A5-8A26-270BB4AA1997}"
EndProject
Global
	GlobalSection(SolutionConfigurationPlatforms) = preSolution
		Debug|Any CPU = Debug|Any CPU
		Release|Any CPU = Release|Any CPU
	EndGlobalSection
	GlobalSection(ProjectConfigurationPlatforms) = postSolution
		{B94972A3-57D8-44A5-8A26-270BB4AA1997}.Debug|Any CPU.ActiveCfg = Debug|Any CPU
		{B94972A3-57D8-44A5-8A26-270BB4AA1997}.Debug|Any CPU.Build.0 = Debug|Any CPU
		{B94972A3-57D8-44A5-8A26-270BB4AA1997}.Release|Any CPU.ActiveCfg = Release|Any CPU
		{B94972A3-57D8-44A5-8A26-270BB4AA1997}.Release|Any CPU.Build.0 = Release|Any CPU
	EndGlobalSection
	GlobalSection(SolutionProperties) = preSolution
		HideSolutionNode = FALSE
	EndGlobalSection
	GlobalSection(ExtensibilityGlobals) = postSolution
		SolutionGuid = {55921BE9-C761-4B79-81C5-027CD0ABA796}
	EndGlobalSection
EndGlobal
